
Microsoft Visual Studio Solution File, Format Version 12.00
# Visual Studio 15
VisualStudioVersion = 15.0.26124.0
MinimumVisualStudioVersion = 15.0.26124.0
Project("{FAE04EC0-301F-11D3-BF4B-00C04F79EFBC}") = "Shared", "Shared\Shared.csproj", "{7F10B191-78AA-46B3-87B1-023FF9B6CEA4}"
EndProject
Project("{FAE04EC0-301F-11D3-BF4B-00C04F79EFBC}") = "WasmApp", "WasmApp\WasmApp.csproj", "{E076580B-4146-4000-A137-0DB84254825A}"
EndProject
Project("{FAE04EC0-301F-11D3-BF4B-00C04F79EFBC}") = "WebApp", "WebApp\WebApp.csproj", "{1E77DB29-AE47-477F-8CDA-A22660D7F2CE}"
EndProject
Global
	GlobalSection(SolutionConfigurationPlatforms) = preSolution
		Debug|Any CPU = Debug|Any CPU
		Debug|x64 = Debug|x64
		Debug|x86 = Debug|x86
		Release|Any CPU = Release|Any CPU
		Release|x64 = Release|x64
		Release|x86 = Release|x86
	EndGlobalSection
	GlobalSection(SolutionProperties) = preSolution
		HideSolutionNode = FALSE
	EndGlobalSection
	GlobalSection(ProjectConfigurationPlatforms) = postSolution
		{7F10B191-78AA-46B3-87B1-023FF9B6CEA4}.Debug|Any CPU.ActiveCfg = Debug|Any CPU
		{7F10B191-78AA-46B3-87B1-023FF9B6CEA4}.Debug|Any CPU.Build.0 = Debug|Any CPU
		{7F10B191-78AA-46B3-87B1-023FF9B6CEA4}.Debug|x64.ActiveCfg = Debug|Any CPU
		{7F10B191-78AA-46B3-87B1-023FF9B6CEA4}.Debug|x64.Build.0 = Debug|Any CPU
		{7F10B191-78AA-46B3-87B1-023FF9B6CEA4}.Debug|x86.ActiveCfg = Debug|Any CPU
		{7F10B191-78AA-46B3-87B1-023FF9B6CEA4}.Debug|x86.Build.0 = Debug|Any CPU
		{7F10B191-78AA-46B3-87B1-023FF9B6CEA4}.Release|Any CPU.ActiveCfg = Release|Any CPU
		{7F10B191-78AA-46B3-87B1-023FF9B6CEA4}.Release|Any CPU.Build.0 = Release|Any CPU
		{7F10B191-78AA-46B3-87B1-023FF9B6CEA4}.Release|x64.ActiveCfg = Release|Any CPU
		{7F10B191-78AA-46B3-87B1-023FF9B6CEA4}.Release|x64.Build.0 = Release|Any CPU
		{7F10B191-78AA-46B3-87B1-023FF9B6CEA4}.Release|x86.ActiveCfg = Release|Any CPU
		{7F10B191-78AA-46B3-87B1-023FF9B6CEA4}.Release|x86.Build.0 = Release|Any CPU
		{E076580B-4146-4000-A137-0DB84254825A}.Debug|Any CPU.ActiveCfg = Debug|Any CPU
		{E076580B-4146-4000-A137-0DB84254825A}.Debug|Any CPU.Build.0 = Debug|Any CPU
		{E076580B-4146-4000-A137-0DB84254825A}.Debug|x64.ActiveCfg = Debug|Any CPU
		{E076580B-4146-4000-A137-0DB84254825A}.Debug|x64.Build.0 = Debug|Any CPU
		{E076580B-4146-4000-A137-0DB84254825A}.Debug|x86.ActiveCfg = Debug|Any CPU
		{E076580B-4146-4000-A137-0DB84254825A}.Debug|x86.Build.0 = Debug|Any CPU
		{E076580B-4146-4000-A137-0DB84254825A}.Release|Any CPU.ActiveCfg = Release|Any CPU
		{E076580B-4146-4000-A137-0DB84254825A}.Release|Any CPU.Build.0 = Release|Any CPU
		{E076580B-4146-4000-A137-0DB84254825A}.Release|x64.ActiveCfg = Release|Any CPU
		{E076580B-4146-4000-A137-0DB84254825A}.Release|x64.Build.0 = Release|Any CPU
		{E076580B-4146-4000-A137-0DB84254825A}.Release|x86.ActiveCfg = Release|Any CPU
		{E076580B-4146-4000-A137-0DB84254825A}.Release|x86.Build.0 = Release|Any CPU
		{1E77DB29-AE47-477F-8CDA-A22660D7F2CE}.Debug|Any CPU.ActiveCfg = Debug|Any CPU
		{1E77DB29-AE47-477F-8CDA-A22660D7F2CE}.Debug|Any CPU.Build.0 = Debug|Any CPU
		{1E77DB29-AE47-477F-8CDA-A22660D7F2CE}.Debug|x64.ActiveCfg = Debug|Any CPU
		{1E77DB29-AE47-477F-8CDA-A22660D7F2CE}.Debug|x64.Build.0 = Debug|Any CPU
		{1E77DB29-AE47-477F-8CDA-A22660D7F2CE}.Debug|x86.ActiveCfg = Debug|Any CPU
		{1E77DB29-AE47-477F-8CDA-A22660D7F2CE}.Debug|x86.Build.0 = Debug|Any CPU
		{1E77DB29-AE47-477F-8CDA-A22660D7F2CE}.Release|Any CPU.ActiveCfg = Release|Any CPU
		{1E77DB29-AE47-477F-8CDA-A22660D7F2CE}.Release|Any CPU.Build.0 = Release|Any CPU
		{1E77DB29-AE47-477F-8CDA-A22660D7F2CE}.Release|x64.ActiveCfg = Release|Any CPU
		{1E77DB29-AE47-477F-8CDA-A22660D7F2CE}.Release|x64.Build.0 = Release|Any CPU
		{1E77DB29-AE47-477F-8CDA-A22660D7F2CE}.Release|x86.ActiveCfg = Release|Any CPU
		{1E77DB29-AE47-477F-8CDA-A22660D7F2CE}.Release|x86.Build.0 = Release|Any CPU
	EndGlobalSection
EndGlobal
